// !$*UTF8*$!
{
	archiveVersion = 1;
	classes = {
	};
	objectVersion = 56;
	objects = {

/* Begin PBXBuildFile section */
		BF1E710E2919C4FE00A6358D /* Model.swift in Sources */ = {isa = PBXBuildFile; fileRef = BF1E710D2919C4FE00A6358D /* Model.swift */; };
		BF61A98F2919C2B400155957 /* AppDelegate.swift in Sources */ = {isa = PBXBuildFile; fileRef = BF61A98E2919C2B400155957 /* AppDelegate.swift */; };
		BF61A9912919C2B400155957 /* SceneDelegate.swift in Sources */ = {isa = PBXBuildFile; fileRef = BF61A9902919C2B400155957 /* SceneDelegate.swift */; };
		BF61A9932919C2B400155957 /* ViewController.swift in Sources */ = {isa = PBXBuildFile; fileRef = BF61A9922919C2B400155957 /* ViewController.swift */; };
		BF61A9962919C2B400155957 /* Main.storyboard in Resources */ = {isa = PBXBuildFile; fileRef = BF61A9942919C2B400155957 /* Main.storyboard */; };
		BF61A9982919C2B500155957 /* Assets.xcassets in Resources */ = {isa = PBXBuildFile; fileRef = BF61A9972919C2B500155957 /* Assets.xcassets */; };
		BF61A99B2919C2B500155957 /* LaunchScreen.storyboard in Resources */ = {isa = PBXBuildFile; fileRef = BF61A9992919C2B500155957 /* LaunchScreen.storyboard */; };
		E4A8FC2D18D0AB47D7BD986D /* Pods_AF_test.framework in Frameworks */ = {isa = PBXBuildFile; fileRef = 6DAFF6EC747D398BC85B1F78 /* Pods_AF_test.framework */; };
/* End PBXBuildFile section */

/* Begin PBXFileReference section */
		0BF9FEA729CB18E65700BC1B /* Pods-AF_test.release.xcconfig */ = {isa = PBXFileReference; includeInIndex = 1; lastKnownFileType = text.xcconfig; name = "Pods-AF_test.release.xcconfig"; path = "Target Support Files/Pods-AF_test/Pods-AF_test.release.xcconfig"; sourceTree = "<group>"; };
		51D1D5894BC8BE6DCF5072FF /* Pods-AF_test.debug.xcconfig */ = {isa = PBXFileReference; includeInIndex = 1; lastKnownFileType = text.xcconfig; name = "Pods-AF_test.debug.xcconfig"; path = "Target Support Files/Pods-AF_test/Pods-AF_test.debug.xcconfig"; sourceTree = "<group>"; };
		6DAFF6EC747D398BC85B1F78 /* Pods_AF_test.framework */ = {isa = PBXFileReference; explicitFileType = wrapper.framework; includeInIndex = 0; path = Pods_AF_test.framework; sourceTree = BUILT_PRODUCTS_DIR; };
		BF1E710D2919C4FE00A6358D /* Model.swift */ = {isa = PBXFileReference; lastKnownFileType = sourcecode.swift; path = Model.swift; sourceTree = "<group>"; };
		BF61A98B2919C2B400155957 /* AF_test.app */ = {isa = PBXFileReference; explicitFileType = wrapper.application; includeInIndex = 0; path = AF_test.app; sourceTree = BUILT_PRODUCTS_DIR; };
		BF61A98E2919C2B400155957 /* AppDelegate.swift */ = {isa = PBXFileReference; lastKnownFileType = sourcecode.swift; path = AppDelegate.swift; sourceTree = "<group>"; };
		BF61A9902919C2B400155957 /* SceneDelegate.swift */ = {isa = PBXFileReference; lastKnownFileType = sourcecode.swift; path = SceneDelegate.swift; sourceTree = "<group>"; };
		BF61A9922919C2B400155957 /* ViewController.swift */ = {isa = PBXFileReference; lastKnownFileType = sourcecode.swift; path = ViewController.swift; sourceTree = "<group>"; };
		BF61A9952919C2B400155957 /* Base */ = {isa = PBXFileReference; lastKnownFileType = file.storyboard; name = Base; path = Base.lproj/Main.storyboard; sourceTree = "<group>"; };
		BF61A9972919C2B500155957 /* Assets.xcassets */ = {isa = PBXFileReference; lastKnownFileType = folder.assetcatalog; path = Assets.xcassets; sourceTree = "<group>"; };
		BF61A99A2919C2B500155957 /* Base */ = {isa = PBXFileReference; lastKnownFileType = file.storyboard; name = Base; path = Base.lproj/LaunchScreen.storyboard; sourceTree = "<group>"; };
		BF61A99C2919C2B500155957 /* Info.plist */ = {isa = PBXFileReference; lastKnownFileType = text.plist.xml; path = Info.plist; sourceTree = "<group>"; };
/* End PBXFileReference section */

/* Begin PBXFrameworksBuildPhase section */
		BF61A9882919C2B400155957 /* Frameworks */ = {
			isa = PBXFrameworksBuildPhase;
			buildActionMask = 2147483647;
			files = (
				E4A8FC2D18D0AB47D7BD986D /* Pods_AF_test.framework in Frameworks */,
			);
			runOnlyForDeploymentPostprocessing = 0;
		};
/* End PBXFrameworksBuildPhase section */

/* Begin PBXGroup section */
		14CE963FBF507AE4ECF6D8DB /* Frameworks */ = {
			isa = PBXGroup;
			children = (
				6DAFF6EC747D398BC85B1F78 /* Pods_AF_test.framework */,
			);
			name = Frameworks;
			sourceTree = "<group>";
		};
		6FFD5D31BAD14E1B177A4ACE /* Pods */ = {
			isa = PBXGroup;
			children = (
				51D1D5894BC8BE6DCF5072FF /* Pods-AF_test.debug.xcconfig */,
				0BF9FEA729CB18E65700BC1B /* Pods-AF_test.release.xcconfig */,
			);
			path = Pods;
			sourceTree = "<group>";
		};
		BF61A9822919C2B400155957 = {
			isa = PBXGroup;
			children = (
				BF61A98D2919C2B400155957 /* AF_test */,
				BF61A98C2919C2B400155957 /* Products */,
				6FFD5D31BAD14E1B177A4ACE /* Pods */,
				14CE963FBF507AE4ECF6D8DB /* Frameworks */,
			);
			sourceTree = "<group>";
		};
		BF61A98C2919C2B400155957 /* Products */ = {
			isa = PBXGroup;
			children = (
				BF61A98B2919C2B400155957 /* AF_test.app */,
			);
			name = Products;
			sourceTree = "<group>";
		};
		BF61A98D2919C2B400155957 /* AF_test */ = {
			isa = PBXGroup;
			children = (
				BF61A98E2919C2B400155957 /* AppDelegate.swift */,
				BF61A9902919C2B400155957 /* SceneDelegate.swift */,
				BF61A9922919C2B400155957 /* ViewController.swift */,
				BF61A9942919C2B400155957 /* Main.storyboard */,
				BF61A9972919C2B500155957 /* Assets.xcassets */,
				BF61A9992919C2B500155957 /* LaunchScreen.storyboard */,
				BF61A99C2919C2B500155957 /* Info.plist */,
				BF1E710D2919C4FE00A6358D /* Model.swift */,
			);
			path = AF_test;
			sourceTree = "<group>";
		};
/* End PBXGroup section */

/* Begin PBXNativeTarget section */
		BF61A98A2919C2B400155957 /* AF_test */ = {
			isa = PBXNativeTarget;
			buildConfigurationList = BF61A99F2919C2B500155957 /* Build configuration list for PBXNativeTarget "AF_test" */;
			buildPhases = (
				545416430BDAF8B628B0EEB7 /* [CP] Check Pods Manifest.lock */,
				BF61A9872919C2B400155957 /* Sources */,
				BF61A9882919C2B400155957 /* Frameworks */,
				BF61A9892919C2B400155957 /* Resources */,
				03C60200E18C1D7FE155601D /* [CP] Embed Pods Frameworks */,
			);
			buildRules = (
			);
			dependencies = (
			);
			name = AF_test;
			productName = AF_test;
			productReference = BF61A98B2919C2B400155957 /* AF_test.app */;
			productType = "com.apple.product-type.application";
		};
/* End PBXNativeTarget section */

/* Begin PBXProject section */
		BF61A9832919C2B400155957 /* Project object */ = {
			isa = PBXProject;
			attributes = {
				BuildIndependentTargetsInParallel = 1;
				LastSwiftUpdateCheck = 1400;
				LastUpgradeCheck = 1400;
				TargetAttributes = {
					BF61A98A2919C2B400155957 = {
						CreatedOnToolsVersion = 14.0.1;
					};
				};
			};
			buildConfigurationList = BF61A9862919C2B400155957 /* Build configuration list for PBXProject "AF_test" */;
			compatibilityVersion = "Xcode 14.0";
			developmentRegion = en;
			hasScannedForEncodings = 0;
			knownRegions = (
				en,
				Base,
			);
			mainGroup = BF61A9822919C2B400155957;
			productRefGroup = BF61A98C2919C2B400155957 /* Products */;
			projectDirPath = "";
			projectRoot = "";
			targets = (
				BF61A98A2919C2B400155957 /* AF_test */,
			);
		};
/* End PBXProject section */

/* Begin PBXResourcesBuildPhase section */
		BF61A9892919C2B400155957 /* Resources */ = {
			isa = PBXResourcesBuildPhase;
			buildActionMask = 2147483647;
			files = (
				BF61A99B2919C2B500155957 /* LaunchScreen.storyboard in Resources */,
				BF61A9982919C2B500155957 /* Assets.xcassets in Resources */,
				BF61A9962919C2B400155957 /* Main.storyboard in Resources */,
			);
			runOnlyForDeploymentPostprocessing = 0;
		};
/* End PBXResourcesBuildPhase section */

/* Begin PBXShellScriptBuildPhase section */
		03C60200E18C1D7FE155601D /* [CP] Embed Pods Frameworks */ = {
			isa = PBXShellScriptBuildPhase;
			buildActionMask = 2147483647;
			files = (
			);
			inputFileListPaths = (
				"${PODS_ROOT}/Target Support Files/Pods-AF_test/Pods-AF_test-frameworks-${CONFIGURATION}-input-files.xcfilelist",
			);
			name = "[CP] Embed Pods Frameworks";
			outputFileListPaths = (
				"${PODS_ROOT}/Target Support Files/Pods-AF_test/Pods-AF_test-frameworks-${CONFIGURATION}-output-files.xcfilelist",
			);
			runOnlyForDeploymentPostprocessing = 0;
			shellPath = /bin/sh;
			shellScript = "\"${PODS_ROOT}/Target Support Files/Pods-AF_test/Pods-AF_test-frameworks.sh\"\n";
			showEnvVarsInLog = 0;
		};
		545416430BDAF8B628B0EEB7 /* [CP] Check Pods Manifest.lock */ = {
			isa = PBXShellScriptBuildPhase;
			buildActionMask = 2147483647;
			files = (
			);
			inputFileListPaths = (
			);
			inputPaths = (
				"${PODS_PODFILE_DIR_PATH}/Podfile.lock",
				"${PODS_ROOT}/Manifest.lock",
			);
			name = "[CP] Check Pods Manifest.lock";
			outputFileListPaths = (
			);
			outputPaths = (
				"$(DERIVED_FILE_DIR)/Pods-AF_test-checkManifestLockResult.txt",
			);
			runOnlyForDeploymentPostprocessing = 0;
			shellPath = /bin/sh;
			shellScript = "diff \"${PODS_PODFILE_DIR_PATH}/Podfile.lock\" \"${PODS_ROOT}/Manifest.lock\" > /dev/null\nif [ $? != 0 ] ; then\n    # print error to STDERR\n    echo \"error: The sandbox is not in sync with the Podfile.lock. Run 'pod install' or update your CocoaPods installation.\" >&2\n    exit 1\nfi\n# This output is used by Xcode 'outputs' to avoid re-running this script phase.\necho \"SUCCESS\" > \"${SCRIPT_OUTPUT_FILE_0}\"\n";
			showEnvVarsInLog = 0;
		};
/* End PBXShellScriptBuildPhase section */

/* Begin PBXSourcesBuildPhase section */
		BF61A9872919C2B400155957 /* Sources */ = {
			isa = PBXSourcesBuildPhase;
			buildActionMask = 2147483647;
			files = (
				BF61A9932919C2B400155957 /* ViewController.swift in Sources */,
				BF61A98F2919C2B400155957 /* AppDelegate.swift in Sources */,
				BF61A9912919C2B400155957 /* SceneDelegate.swift in Sources */,
				BF1E710E2919C4FE00A6358D /* Model.swift in Sources */,
			);
			runOnlyForDeploymentPostprocessing = 0;
		};
/* End PBXSourcesBuildPhase section */

/* Begin PBXVariantGroup section */
		BF61A9942919C2B400155957 /* Main.storyboard */ = {
			isa = PBXVariantGroup;
			children = (
				BF61A9952919C2B400155957 /* Base */,
			);
			name = Main.storyboard;
			sourceTree = "<group>";
		};
		BF61A9992919C2B500155957 /* LaunchScreen.storyboard */ = {
			isa = PBXVariantGroup;
			children = (
				BF61A99A2919C2B500155957 /* Base */,
			);
			name = LaunchScreen.storyboard;
			sourceTree = "<group>";
		};
/* End PBXVariantGroup section */

/* Begin XCBuildConfiguration section */
		BF61A99D2919C2B500155957 /* Debug */ = {
			isa = XCBuildConfiguration;
			buildSettings = {
				ALWAYS_SEARCH_USER_PATHS = NO;
				CLANG_ANALYZER_NONNULL = YES;
				CLANG_ANALYZER_NUMBER_OBJECT_CONVERSION = YES_AGGRESSIVE;
				CLANG_CXX_LANGUAGE_STANDARD = "gnu++20";
				CLANG_ENABLE_MODULES = YES;
				CLANG_ENABLE_OBJC_ARC = YES;
				CLANG_ENABLE_OBJC_WEAK = YES;
				CLANG_WARN_BLOCK_CAPTURE_AUTORELEASING = YES;
				CLANG_WARN_BOOL_CONVERSION = YES;
				CLANG_WARN_COMMA = YES;
				CLANG_WARN_CONSTANT_CONVERSION = YES;
				CLANG_WARN_DEPRECATED_OBJC_IMPLEMENTATIONS = YES;
				CLANG_WARN_DIRECT_OBJC_ISA_USAGE = YES_ERROR;
				CLANG_WARN_DOCUMENTATION_COMMENTS = YES;
				CLANG_WARN_EMPTY_BODY = YES;
				CLANG_WARN_ENUM_CONVERSION = YES;
				CLANG_WARN_INFINITE_RECURSION = YES;
				CLANG_WARN_INT_CONVERSION = YES;
				CLANG_WARN_NON_LITERAL_NULL_CONVERSION = YES;
				CLANG_WARN_OBJC_IMPLICIT_RETAIN_SELF = YES;
				CLANG_WARN_OBJC_LITERAL_CONVERSION = YES;
				CLANG_WARN_OBJC_ROOT_CLASS = YES_ERROR;
				CLANG_WARN_QUOTED_INCLUDE_IN_FRAMEWORK_HEADER = YES;
				CLANG_WARN_RANGE_LOOP_ANALYSIS = YES;
				CLANG_WARN_STRICT_PROTOTYPES = YES;
				CLANG_WARN_SUSPICIOUS_MOVE = YES;
				CLANG_WARN_UNGUARDED_AVAILABILITY = YES_AGGRESSIVE;
				CLANG_WARN_UNREACHABLE_CODE = YES;
				CLANG_WARN__DUPLICATE_METHOD_MATCH = YES;
				COPY_PHASE_STRIP = NO;
				DEBUG_INFORMATION_FORMAT = dwarf;
				ENABLE_STRICT_OBJC_MSGSEND = YES;
				ENABLE_TESTABILITY = YES;
				GCC_C_LANGUAGE_STANDARD = gnu11;
				GCC_DYNAMIC_NO_PIC = NO;
				GCC_NO_COMMON_BLOCKS = YES;
				GCC_OPTIMIZATION_LEVEL = 0;
				GCC_PREPROCESSOR_DEFINITIONS = (
					"DEBUG=1",
					"$(inherited)",
				);
				GCC_WARN_64_TO_32_BIT_CONVERSION = YES;
				GCC_WARN_ABOUT_RETURN_TYPE = YES_ERROR;
				GCC_WARN_UNDECLARED_SELECTOR = YES;
				GCC_WARN_UNINITIALIZED_AUTOS = YES_AGGRESSIVE;
				GCC_WARN_UNUSED_FUNCTION = YES;
				GCC_WARN_UNUSED_VARIABLE = YES;
				IPHONEOS_DEPLOYMENT_TARGET = 16.0;
				MTL_ENABLE_DEBUG_INFO = INCLUDE_SOURCE;
				MTL_FAST_MATH = YES;
				ONLY_ACTIVE_ARCH = YES;
				SDKROOT = iphoneos;
				SWIFT_ACTIVE_COMPILATION_CONDITIONS = DEBUG;
				SWIFT_OPTIMIZATION_LEVEL = "-Onone";
			};
			name = Debug;
		};
		BF61A99E2919C2B500155957 /* Release */ = {
			isa = XCBuildConfiguration;
			buildSettings = {
				ALWAYS_SEARCH_USER_PATHS = NO;
				CLANG_ANALYZER_NONNULL = YES;
				CLANG_ANALYZER_NUMBER_OBJECT_CONVERSION = YES_AGGRESSIVE;
				CLANG_CXX_LANGUAGE_STANDARD = "gnu++20";
				CLANG_ENABLE_MODULES = YES;
				CLANG_ENABLE_OBJC_ARC = YES;
				CLANG_ENABLE_OBJC_WEAK = YES;
				CLANG_WARN_BLOCK_CAPTURE_AUTORELEASING = YES;
				CLANG_WARN_BOOL_CONVERSION = YES;
				CLANG_WARN_COMMA = YES;
				CLANG_WARN_CONSTANT_CONVERSION = YES;
				CLANG_WARN_DEPRECATED_OBJC_IMPLEMENTATIONS = YES;
				CLANG_WARN_DIRECT_OBJC_ISA_USAGE = YES_ERROR;
				CLANG_WARN_DOCUMENTATION_COMMENTS = YES;
				CLANG_WARN_EMPTY_BODY = YES;
				CLANG_WARN_ENUM_CONVERSION = YES;
				CLANG_WARN_INFINITE_RECURSION = YES;
				CLANG_WARN_INT_CONVERSION = YES;
				CLANG_WARN_NON_LITERAL_NULL_CONVERSION = YES;
				CLANG_WARN_OBJC_IMPLICIT_RETAIN_SELF = YES;
				CLANG_WARN_OBJC_LITERAL_CONVERSION = YES;
				CLANG_WARN_OBJC_ROOT_CLASS = YES_ERROR;
				CLANG_WARN_QUOTED_INCLUDE_IN_FRAMEWORK_HEADER = YES;
				CLANG_WARN_RANGE_LOOP_ANALYSIS = YES;
				CLANG_WARN_STRICT_PROTOTYPES = YES;
				CLANG_WARN_SUSPICIOUS_MOVE = YES;
				CLANG_WARN_UNGUARDED_AVAILABILITY = YES_AGGRESSIVE;
				CLANG_WARN_UNREACHABLE_CODE = YES;
				CLANG_WARN__DUPLICATE_METHOD_MATCH = YES;
				COPY_PHASE_STRIP = NO;
				DEBUG_INFORMATION_FORMAT = "dwarf-with-dsym";
				ENABLE_NS_ASSERTIONS = NO;
				ENABLE_STRICT_OBJC_MSGSEND = YES;
				GCC_C_LANGUAGE_STANDARD = gnu11;
				GCC_NO_COMMON_BLOCKS = YES;
				GCC_WARN_64_TO_32_BIT_CONVERSION = YES;
				GCC_WARN_ABOUT_RETURN_TYPE = YES_ERROR;
				GCC_WARN_UNDECLARED_SELECTOR = YES;
				GCC_WARN_UNINITIALIZED_AUTOS = YES_AGGRESSIVE;
				GCC_WARN_UNUSED_FUNCTION = YES;
				GCC_WARN_UNUSED_VARIABLE = YES;
				IPHONEOS_DEPLOYMENT_TARGET = 16.0;
				MTL_ENABLE_DEBUG_INFO = NO;
				MTL_FAST_MATH = YES;
				SDKROOT = iphoneos;
				SWIFT_COMPILATION_MODE = wholemodule;
				SWIFT_OPTIMIZATION_LEVEL = "-O";
				VALIDATE_PRODUCT = YES;
			};
			name = Release;
		};
		BF61A9A02919C2B500155957 /* Debug */ = {
			isa = XCBuildConfiguration;
			baseConfigurationReference = 51D1D5894BC8BE6DCF5072FF /* Pods-AF_test.debug.xcconfig */;
			buildSettings = {
				ASSETCATALOG_COMPILER_APPICON_NAME = AppIcon;
				ASSETCATALOG_COMPILER_GLOBAL_ACCENT_COLOR_NAME = AccentColor;
				CODE_SIGN_STYLE = Automatic;
				CURRENT_PROJECT_VERSION = 1;
				DEVELOPMENT_TEAM = HGNXB64TGD;
				GENERATE_INFOPLIST_FILE = YES;
				INFOPLIST_FILE = AF_test/Info.plist;
				INFOPLIST_KEY_UIApplicationSupportsIndirectInputEvents = YES;
				INFOPLIST_KEY_UILaunchStoryboardName = LaunchScreen;
				INFOPLIST_KEY_UIMainStoryboardFile = Main;
				INFOPLIST_KEY_UISupportedInterfaceOrientations_iPad = "UIInterfaceOrientationPortrait UIInterfaceOrientationPortraitUpsideDown UIInterfaceOrientationLandscapeLeft UIInterfaceOrientationLandscapeRight";
				INFOPLIST_KEY_UISupportedInterfaceOrientations_iPhone = "UIInterfaceOrientationPortrait UIInterfaceOrientationLandscapeLeft UIInterfaceOrientationLandscapeRight";
				LD_RUNPATH_SEARCH_PATHS = (
					"$(inherited)",
					"@executable_path/Frameworks",
				);
				MARKETING_VERSION = 1.0;
				PRODUCT_BUNDLE_IDENTIFIER = "mmg.AF-test";
				PRODUCT_NAME = "$(TARGET_NAME)";
				SWIFT_EMIT_LOC_STRINGS = YES;
				SWIFT_VERSION = 5.0;
				TARGETED_DEVICE_FAMILY = "1,2";
			};
			name = Debug;
		};
		BF61A9A12919C2B500155957 /* Release */ = {
			isa = XCBuildConfiguration;
			baseConfigurationReference = 0BF9FEA729CB18E65700BC1B /* Pods-AF_test.release.xcconfig */;
			buildSettings = {
				ASSETCATALOG_COMPILER_APPICON_NAME = AppIcon;
				ASSETCATALOG_COMPILER_GLOBAL_ACCENT_COLOR_NAME = AccentColor;
				CODE_SIGN_STYLE = Automatic;
				CURRENT_PROJECT_VERSION = 1;
				DEVELOPMENT_TEAM = HGNXB64TGD;
				GENERATE_INFOPLIST_FILE = YES;
				INFOPLIST_FILE = AF_test/Info.plist;
				INFOPLIST_KEY_UIApplicationSupportsIndirectInputEvents = YES;
				INFOPLIST_KEY_UILaunchStoryboardName = LaunchScreen;
				INFOPLIST_KEY_UIMainStoryboardFile = Main;
				INFOPLIST_KEY_UISupportedInterfaceOrientations_iPad = "UIInterfaceOrientationPortrait UIInterfaceOrientationPortraitUpsideDown UIInterfaceOrientationLandscapeLeft UIInterfaceOrientationLandscapeRight";
				INFOPLIST_KEY_UISupportedInterfaceOrientations_iPhone = "UIInterfaceOrientationPortrait UIInterfaceOrientationLandscapeLeft UIInterfaceOrientationLandscapeRight";
				LD_RUNPATH_SEARCH_PATHS = (
					"$(inherited)",
					"@executable_path/Frameworks",
				);
				MARKETING_VERSION = 1.0;
				PRODUCT_BUNDLE_IDENTIFIER = "mmg.AF-test";
				PRODUCT_NAME = "$(TARGET_NAME)";
				SWIFT_EMIT_LOC_STRINGS = YES;
				SWIFT_VERSION = 5.0;
				TARGETED_DEVICE_FAMILY = "1,2";
			};
			name = Release;
		};
/* End XCBuildConfiguration section */

/* Begin XCConfigurationList section */
		BF61A9862919C2B400155957 /* Build configuration list for PBXProject "AF_test" */ = {
			isa = XCConfigurationList;
			buildConfigurations = (
				BF61A99D2919C2B500155957 /* Debug */,
				BF61A99E2919C2B500155957 /* Release */,
			);
			defaultConfigurationIsVisible = 0;
			defaultConfigurationName = Release;
		};
		BF61A99F2919C2B500155957 /* Build configuration list for PBXNativeTarget "AF_test" */ = {
			isa = XCConfigurationList;
			buildConfigurations = (
				BF61A9A02919C2B500155957 /* Debug */,
				BF61A9A12919C2B500155957 /* Release */,
			);
			defaultConfigurationIsVisible = 0;
			defaultConfigurationName = Release;
		};
/* End XCConfigurationList section */
	};
	rootObject = BF61A9832919C2B400155957 /* Project object */;
}
